{
  "name": "set-timeout-reachable",
  "version": "1.0.0",
  "lockfileVersion": 3,
  "requires": true,
  "packages": {
    "": {
      "name": "set-timeout-reachable",
      "version": "1.0.0",
      "dependencies": {
        "node-serialize": "^0.0.4",
        "node-serializer": "^0.0.1"
      }
    },
    "node_modules/node-serialize": {
      "version": "0.0.4",
      "resolved": "https://registry.npmjs.org/node-serialize/-/node-serialize-0.0.4.tgz",
      "integrity": "sha512-Q7krX4keanOtqYrNWGlTWk0jSYPewtMpzs5AoV0NieqTtQkLRGq5e0R+iuTA3npbpk7B1zJy6dZ7o9wmmuEYmA==",
      "engines": [
        "node >=0.6.0"
      ]
    },
    "node_modules/node-serializer": {
      "version": "0.0.1",
      "resolved": "https://registry.npmjs.org/node-serializer/-/node-serializer-0.0.1.tgz",
      "integrity": "sha512-YP2/3mErS90AO3BUIJgy6KdhnEqGlk1cR0GeqkPW49gBfaaPRoDq8e777EjK8TvxgTtSoUj21xO74W/SEBK40Q==",
      "license": "MIT"
    }
  }
}
